[[package]]
category = "main"
description = "The AWS SDK for Python"
name = "boto3"
optional = false
python-versions = "*"
version = "1.9.80"

[package.dependencies]
botocore = ">=1.12.80,<1.13.0"
jmespath = ">=0.7.1,<1.0.0"
s3transfer = ">=0.1.10,<0.2.0"

[[package]]
category = "main"
description = "Low-level, data-driven core of boto 3."
name = "botocore"
optional = false
python-versions = "*"
version = "1.12.80"

[package.dependencies]
docutils = ">=0.10"
jmespath = ">=0.7.1,<1.0.0"

[package.dependencies.python-dateutil]
python = ">=2.7"
version = ">=2.1,<3.0.0"

[package.dependencies.urllib3]
python = ">=3.4"
version = ">=1.20,<1.25"

[[package]]
category = "main"
description = "Fast and simple WSGI-framework for small web-applications."
name = "bottle"
optional = false
python-versions = "*"
version = "0.12.16"

[[package]]
category = "main"
description = "Composable command line interface toolkit"
name = "click"
optional = false
python-versions = ">=2.7, !=3.0.*, !=3.1.*, !=3.2.*, !=3.3.*"
version = "7.0"

[[package]]
category = "main"
description = "Docutils -- Python Documentation Utilities"
name = "docutils"
optional = false
python-versions = "*"
version = "0.14"

[[package]]
category = "main"
description = "A simple framework for building complex web applications."
name = "flask"
optional = false
python-versions = "*"
version = "1.0.2"

[package.dependencies]
Jinja2 = ">=2.10"
Werkzeug = ">=0.14"
click = ">=5.1"
itsdangerous = ">=0.24"

[package.extras]
dev = ["pytest (>=3)", "coverage", "tox", "sphinx", "pallets-sphinx-themes", "sphinxcontrib-log-cabinet"]
docs = ["sphinx", "pallets-sphinx-themes", "sphinxcontrib-log-cabinet"]
dotenv = ["python-dotenv"]

[[package]]
category = "main"
description = "Various helpers to pass data to untrusted environments and back."
name = "itsdangerous"
optional = false
python-versions = ">=2.7, !=3.0.*, !=3.1.*, !=3.2.*, !=3.3.*"
version = "1.1.0"

[[package]]
category = "main"
description = "A small but fast and easy to use stand-alone template engine written in pure python."
name = "jinja2"
optional = false
python-versions = "*"
version = "2.10"

[package.dependencies]
MarkupSafe = ">=0.23"

[package.extras]
i18n = ["Babel (>=0.8)"]

[[package]]
category = "main"
description = "JSON Matching Expressions"
name = "jmespath"
optional = false
python-versions = "*"
version = "0.9.3"

[[package]]
category = "main"
description = "Safely add untrusted strings to HTML/XML markup."
name = "markupsafe"
optional = false
python-versions = ">=2.7,!=3.0.*,!=3.1.*,!=3.2.*,!=3.3.*"
version = "1.1.0"

[[package]]
category = "main"
description = "Extensions to the standard Python datetime module"
marker = "python_version >= \"2.7\""
name = "python-dateutil"
optional = false
python-versions = ">=2.7, !=3.0.*, !=3.1.*, !=3.2.*"
version = "2.7.5"

[package.dependencies]
six = ">=1.5"

[[package]]
category = "main"
description = "An Amazon S3 Transfer Manager"
name = "s3transfer"
optional = false
python-versions = "*"
version = "0.1.13"

[package.dependencies]
botocore = ">=1.3.0,<2.0.0"

[[package]]
category = "main"
description = "Python 2 and 3 compatibility utilities"
marker = "python_version >= \"2.7\""
name = "six"
optional = false
python-versions = ">=2.6, !=3.0.*, !=3.1.*"
version = "1.12.0"

[[package]]
category = "main"
description = "HTTP library with thread-safe connection pooling, file post, and more."
marker = "python_version >= \"3.4\""
name = "urllib3"
optional = false
python-versions = ">=2.7, !=3.0.*, !=3.1.*, !=3.2.*, !=3.3.*, <4"
version = "1.24.1"

[package.extras]
secure = ["pyOpenSSL (>=0.14)", "cryptography (>=1.3.4)", "idna (>=2.0.0)", "certifi", "ipaddress"]
socks = ["PySocks (>=1.5.6,<1.5.7 || >1.5.7,<2.0)"]

[[package]]
category = "main"
description = "The comprehensive WSGI web application library."
name = "werkzeug"
optional = false
python-versions = "*"
version = "0.14.1"

[package.extras]
dev = ["coverage", "pytest", "sphinx", "tox"]
termcolor = ["termcolor"]
watchdog = ["watchdog"]

[metadata]
content-hash = "fa5a641a2c19871b5899fbc700d6375250a5d2e327832a012296af6a31c8093a"
python-versions = "^3.6"

[metadata.hashes]
boto3 = ["122603b00f8c458236d1bd09850bdea56fc45f271e75ca38e66dbce37f72cada", "99ec19dc4f0aa8a8354db7baebe1ff57bd18aeb6a539b28693b2e8ca8dc3d85b"]
botocore = ["76a2969278250e010253ddf514f4b54eaa7d2b1430f682874c3c2ab92f25a96d", "8c579bac9abeaff1270a7a25964b01d3db1367f42fa5f826e1303ec8a4b13cef"]
bottle = ["9c310da61e7df2b6ac257d8a90811899ccb3a9743e77e947101072a2e3186726", "ca43beafbdccabbe31b758a4f34d1e44985a9b9539516775208b2b0f903eafa0"]
click = ["2335065e6395b9e67ca716de5f7526736bfa6ceead690adf616d925bdc622b13", "5b94b49521f6456670fdb30cd82a4eca9412788a93fa6dd6df72c94d5a8ff2d7"]
docutils = ["02aec4bd92ab067f6ff27a38a38a41173bf01bed8f89157768c1573f53e474a6", "51e64ef2ebfb29cae1faa133b3710143496eca21c530f3f71424d77687764274", "7a4bd47eaf6596e1295ecb11361139febe29b084a87bf005bf899f9a42edc3c6"]
flask = ["2271c0070dbcb5275fad4a82e29f23ab92682dc45f9dfbc22c02ba9b9322ce48", "a080b744b7e345ccfcbc77954861cb05b3c63786e93f2b3875e0913d44b43f05"]
itsdangerous = ["321b033d07f2a4136d3ec762eac9f16a10ccd60f53c0c91af90217ace7ba1f19", "b12271b2047cb23eeb98c8b5622e2e5c5e9abd9784a153e9d8ef9cb4dd09d749"]
jinja2 = ["74c935a1b8bb9a3947c50a54766a969d4846290e1e788ea44c1392163723c3bd", "f84be1bb0040caca4cea721fcbbbbd61f9be9464ca236387158b0feea01914a4"]
jmespath = ["6a81d4c9aa62caf061cb517b4d9ad1dd300374cd4706997aff9cd6aedd61fc64", "f11b4461f425740a1d908e9a3f7365c3d2e569f6ca68a2ff8bc5bcd9676edd63"]
markupsafe = ["048ef924c1623740e70204aa7143ec592504045ae4429b59c30054cb31e3c432", "130f844e7f5bdd8e9f3f42e7102ef1d49b2e6fdf0d7526df3f87281a532d8c8b", "19f637c2ac5ae9da8bfd98cef74d64b7e1bb8a63038a3505cd182c3fac5eb4d9", "1b8a7a87ad1b92bd887568ce54b23565f3fd7018c4180136e1cf412b405a47af", "1c25694ca680b6919de53a4bb3bdd0602beafc63ff001fea2f2fc16ec3a11834", "1f19ef5d3908110e1e891deefb5586aae1b49a7440db952454b4e281b41620cd", "1fa6058938190ebe8290e5cae6c351e14e7bb44505c4a7624555ce57fbbeba0d", "31cbb1359e8c25f9f48e156e59e2eaad51cd5242c05ed18a8de6dbe85184e4b7", "3e835d8841ae7863f64e40e19477f7eb398674da6a47f09871673742531e6f4b", "4e97332c9ce444b0c2c38dd22ddc61c743eb208d916e4265a2a3b575bdccb1d3", "525396ee324ee2da82919f2ee9c9e73b012f23e7640131dd1b53a90206a0f09c", "52b07fbc32032c21ad4ab060fec137b76eb804c4b9a1c7c7dc562549306afad2", "52ccb45e77a1085ec5461cde794e1aa037df79f473cbc69b974e73940655c8d7", "5c3fbebd7de20ce93103cb3183b47671f2885307df4a17a0ad56a1dd51273d36", "5e5851969aea17660e55f6a3be00037a25b96a9b44d2083651812c99d53b14d1", "5edfa27b2d3eefa2210fb2f5d539fbed81722b49f083b2c6566455eb7422fd7e", "7d263e5770efddf465a9e31b78362d84d015cc894ca2c131901a4445eaa61ee1", "83381342bfc22b3c8c06f2dd93a505413888694302de25add756254beee8449c", "857eebb2c1dc60e4219ec8e98dfa19553dae33608237e107db9c6078b1167856", "98e439297f78fca3a6169fd330fbe88d78b3bb72f967ad9961bcac0d7fdd1550", "bf54103892a83c64db58125b3f2a43df6d2cb2d28889f14c78519394feb41492", "d9ac82be533394d341b41d78aca7ed0e0f4ba5a2231602e2f05aa87f25c51672", "e982fe07ede9fada6ff6705af70514a52beb1b2c3d25d4e873e82114cf3c5401", "edce2ea7f3dfc981c4ddc97add8a61381d9642dc3273737e756517cc03e84dd6", "efdc45ef1afc238db84cb4963aa689c0408912a0239b0721cb172b4016eb31d6", "f137c02498f8b935892d5c0172560d7ab54bc45039de8805075e19079c639a9c", "f82e347a72f955b7017a39708a3667f106e6ad4d10b25f237396a7115d8ed5fd", "fb7c206e01ad85ce57feeaaa0bf784b97fa3cad0d4a5737bc5295785f5c613a1"]
python-dateutil = ["063df5763652e21de43de7d9e00ccf239f953a832941e37be541614732cdfc93", "88f9287c0174266bb0d8cedd395cfba9c58e87e5ad86b2ce58859bc11be3cf02"]
s3transfer = ["90dc18e028989c609146e241ea153250be451e05ecc0c2832565231dacdf59c1", "c7a9ec356982d5e9ab2d4b46391a7d6a950e2b04c472419f5fdec70cc0ada72f"]
six = ["3350809f0555b11f552448330d0b52d5f24c91a322ea4a15ef22629740f3761c", "d16a0141ec1a18405cd4ce8b4613101da75da0e9a7aec5bdd4fa804d0e0eba73"]
urllib3 = ["61bf29cada3fc2fbefad4fdf059ea4bd1b4a86d2b6d15e1c7c0b582b9752fe39", "de9529817c93f27c8ccbfead6985011db27bd0ddfcdb2d86f3f663385c6a9c22"]
werkzeug = ["c3fd7a7d41976d9f44db327260e263132466836cef6f91512889ed60ad26557c", "d5da73735293558eb1651ee2fddc4d0dedcfa06538b8813a2e20011583c9e49b"]
